// !$*UTF8*$!
{
	archiveVersion = 1;
	classes = {
	};
	objectVersion = 55;
	objects = {

/* Begin PBXBuildFile section */
		BB134D47D8F084FFE05DFFE6 /* Pods_EmotionDiary.framework in Frameworks */ = {isa = PBXBuildFile; fileRef = A02DFA0DA877149F04DAB037 /* Pods_EmotionDiary.framework */; };
		CB78932B299163BD000A735E /* AppDelegate.swift in Sources */ = {isa = PBXBuildFile; fileRef = CB78932A299163BD000A735E /* AppDelegate.swift */; };
		CB78932D299163BD000A735E /* SceneDelegate.swift in Sources */ = {isa = PBXBuildFile; fileRef = CB78932C299163BD000A735E /* SceneDelegate.swift */; };
		CB789335299163BD000A735E /* EmotionDiary.xcdatamodeld in Sources */ = {isa = PBXBuildFile; fileRef = CB789333299163BD000A735E /* EmotionDiary.xcdatamodeld */; };
		CB789337299163BE000A735E /* Assets.xcassets in Resources */ = {isa = PBXBuildFile; fileRef = CB789336299163BE000A735E /* Assets.xcassets */; };
		CB78933A299163BE000A735E /* LaunchScreen.storyboard in Resources */ = {isa = PBXBuildFile; fileRef = CB789338299163BE000A735E /* LaunchScreen.storyboard */; };
		CB789342299164EE000A735E /* TabBar.storyboard in Resources */ = {isa = PBXBuildFile; fileRef = CB789341299164EE000A735E /* TabBar.storyboard */; };
		CB78934529916642000A735E /* Home.storyboard in Resources */ = {isa = PBXBuildFile; fileRef = CB78934429916642000A735E /* Home.storyboard */; };
		CB78934A29916679000A735E /* HomeVC.swift in Sources */ = {isa = PBXBuildFile; fileRef = CB78934929916679000A735E /* HomeVC.swift */; };
		CB78934C29916696000A735E /* TabBarController.swift in Sources */ = {isa = PBXBuildFile; fileRef = CB78934B29916696000A735E /* TabBarController.swift */; };
		CB78934E2991674D000A735E /* Stats.storyboard in Resources */ = {isa = PBXBuildFile; fileRef = CB78934D2991674D000A735E /* Stats.storyboard */; };
		CB78935029916754000A735E /* MyInfo.storyboard in Resources */ = {isa = PBXBuildFile; fileRef = CB78934F29916754000A735E /* MyInfo.storyboard */; };
		CB7893542995179F000A735E /* HomeViewController.swift in Sources */ = {isa = PBXBuildFile; fileRef = CB7893532995179F000A735E /* HomeViewController.swift */; };
		CB789356299517FD000A735E /* CodeTabBarController.swift in Sources */ = {isa = PBXBuildFile; fileRef = CB789355299517FD000A735E /* CodeTabBarController.swift */; };
		CB78935829952005000A735E /* StatsViewController.swift in Sources */ = {isa = PBXBuildFile; fileRef = CB78935729952005000A735E /* StatsViewController.swift */; };
		CB78935A29952149000A735E /* StatsTableViewCell.swift in Sources */ = {isa = PBXBuildFile; fileRef = CB78935929952149000A735E /* StatsTableViewCell.swift */; };
		CB950EE5299620130083B419 /* MyInfoViewController.swift in Sources */ = {isa = PBXBuildFile; fileRef = CB950EE4299620130083B419 /* MyInfoViewController.swift */; };
		CBD1BC88299A826300AD1A7C /* HomeCollectionViewCell.swift in Sources */ = {isa = PBXBuildFile; fileRef = CBD1BC87299A826300AD1A7C /* HomeCollectionViewCell.swift */; };
		CBD1BC8B299BAD7700AD1A7C /* Emotion.swift in Sources */ = {isa = PBXBuildFile; fileRef = CBD1BC8A299BAD7700AD1A7C /* Emotion.swift */; };
		CBD1BC8E299BBB4D00AD1A7C /* HomeViewModel.swift in Sources */ = {isa = PBXBuildFile; fileRef = CBD1BC8D299BBB4D00AD1A7C /* HomeViewModel.swift */; };
/* End PBXBuildFile section */

/* Begin PBXFileReference section */
		243CFE1544B865822C2BF65D /* Pods-EmotionDiary.release.xcconfig */ = {isa = PBXFileReference; includeInIndex = 1; lastKnownFileType = text.xcconfig; name = "Pods-EmotionDiary.release.xcconfig"; path = "Target Support Files/Pods-EmotionDiary/Pods-EmotionDiary.release.xcconfig"; sourceTree = "<group>"; };
		A02DFA0DA877149F04DAB037 /* Pods_EmotionDiary.framework */ = {isa = PBXFileReference; explicitFileType = wrapper.framework; includeInIndex = 0; path = Pods_EmotionDiary.framework; sourceTree = BUILT_PRODUCTS_DIR; };
		CB789327299163BD000A735E /* EmotionDiary.app */ = {isa = PBXFileReference; explicitFileType = wrapper.application; includeInIndex = 0; path = EmotionDiary.app; sourceTree = BUILT_PRODUCTS_DIR; };
		CB78932A299163BD000A735E /* AppDelegate.swift */ = {isa = PBXFileReference; lastKnownFileType = sourcecode.swift; path = AppDelegate.swift; sourceTree = "<group>"; };
		CB78932C299163BD000A735E /* SceneDelegate.swift */ = {isa = PBXFileReference; lastKnownFileType = sourcecode.swift; path = SceneDelegate.swift; sourceTree = "<group>"; };
		CB789334299163BD000A735E /* EmotionDiary.xcdatamodel */ = {isa = PBXFileReference; lastKnownFileType = wrapper.xcdatamodel; path = EmotionDiary.xcdatamodel; sourceTree = "<group>"; };
		CB789336299163BE000A735E /* Assets.xcassets */ = {isa = PBXFileReference; lastKnownFileType = folder.assetcatalog; path = Assets.xcassets; sourceTree = "<group>"; };
		CB789339299163BE000A735E /* Base */ = {isa = PBXFileReference; lastKnownFileType = file.storyboard; name = Base; path = Base.lproj/LaunchScreen.storyboard; sourceTree = "<group>"; };
		CB78933B299163BE000A735E /* Info.plist */ = {isa = PBXFileReference; lastKnownFileType = text.plist.xml; path = Info.plist; sourceTree = "<group>"; };
		CB789341299164EE000A735E /* TabBar.storyboard */ = {isa = PBXFileReference; lastKnownFileType = file.storyboard; path = TabBar.storyboard; sourceTree = "<group>"; };
		CB78934429916642000A735E /* Home.storyboard */ = {isa = PBXFileReference; lastKnownFileType = file.storyboard; path = Home.storyboard; sourceTree = "<group>"; };
		CB78934929916679000A735E /* HomeVC.swift */ = {isa = PBXFileReference; lastKnownFileType = sourcecode.swift; path = HomeVC.swift; sourceTree = "<group>"; };
		CB78934B29916696000A735E /* TabBarController.swift */ = {isa = PBXFileReference; lastKnownFileType = sourcecode.swift; path = TabBarController.swift; sourceTree = "<group>"; };
		CB78934D2991674D000A735E /* Stats.storyboard */ = {isa = PBXFileReference; lastKnownFileType = file.storyboard; path = Stats.storyboard; sourceTree = "<group>"; };
		CB78934F29916754000A735E /* MyInfo.storyboard */ = {isa = PBXFileReference; lastKnownFileType = file.storyboard; path = MyInfo.storyboard; sourceTree = "<group>"; };
		CB7893532995179F000A735E /* HomeViewController.swift */ = {isa = PBXFileReference; lastKnownFileType = sourcecode.swift; path = HomeViewController.swift; sourceTree = "<group>"; };
		CB789355299517FD000A735E /* CodeTabBarController.swift */ = {isa = PBXFileReference; lastKnownFileType = sourcecode.swift; path = CodeTabBarController.swift; sourceTree = "<group>"; };
		CB78935729952005000A735E /* StatsViewController.swift */ = {isa = PBXFileReference; lastKnownFileType = sourcecode.swift; path = StatsViewController.swift; sourceTree = "<group>"; };
		CB78935929952149000A735E /* StatsTableViewCell.swift */ = {isa = PBXFileReference; lastKnownFileType = sourcecode.swift; path = StatsTableViewCell.swift; sourceTree = "<group>"; };
		CB950EE4299620130083B419 /* MyInfoViewController.swift */ = {isa = PBXFileReference; lastKnownFileType = sourcecode.swift; path = MyInfoViewController.swift; sourceTree = "<group>"; };
		CBD1BC87299A826300AD1A7C /* HomeCollectionViewCell.swift */ = {isa = PBXFileReference; lastKnownFileType = sourcecode.swift; path = HomeCollectionViewCell.swift; sourceTree = "<group>"; };
		CBD1BC8A299BAD7700AD1A7C /* Emotion.swift */ = {isa = PBXFileReference; lastKnownFileType = sourcecode.swift; path = Emotion.swift; sourceTree = "<group>"; };
		CBD1BC8D299BBB4D00AD1A7C /* HomeViewModel.swift */ = {isa = PBXFileReference; lastKnownFileType = sourcecode.swift; path = HomeViewModel.swift; sourceTree = "<group>"; };
		F422668208BC875931D822B1 /* Pods-EmotionDiary.debug.xcconfig */ = {isa = PBXFileReference; includeInIndex = 1; lastKnownFileType = text.xcconfig; name = "Pods-EmotionDiary.debug.xcconfig"; path = "Target Support Files/Pods-EmotionDiary/Pods-EmotionDiary.debug.xcconfig"; sourceTree = "<group>"; };
/* End PBXFileReference section */

/* Begin PBXFrameworksBuildPhase section */
		CB789324299163BD000A735E /* Frameworks */ = {
			isa = PBXFrameworksBuildPhase;
			buildActionMask = 2147483647;
			files = (
				BB134D47D8F084FFE05DFFE6 /* Pods_EmotionDiary.framework in Frameworks */,
			);
			runOnlyForDeploymentPostprocessing = 0;
		};
/* End PBXFrameworksBuildPhase section */

/* Begin PBXGroup section */
		649B11758964B51D1D986604 /* Pods */ = {
			isa = PBXGroup;
			children = (
				F422668208BC875931D822B1 /* Pods-EmotionDiary.debug.xcconfig */,
				243CFE1544B865822C2BF65D /* Pods-EmotionDiary.release.xcconfig */,
			);
			path = Pods;
			sourceTree = "<group>";
		};
		CB78931E299163BD000A735E = {
			isa = PBXGroup;
			children = (
				CB789329299163BD000A735E /* EmotionDiary */,
				CB789328299163BD000A735E /* Products */,
				649B11758964B51D1D986604 /* Pods */,
				EED28E92AA158F6FF5FC5231 /* Frameworks */,
			);
			sourceTree = "<group>";
		};
		CB789328299163BD000A735E /* Products */ = {
			isa = PBXGroup;
			children = (
				CB789327299163BD000A735E /* EmotionDiary.app */,
			);
			name = Products;
			sourceTree = "<group>";
		};
		CB789329299163BD000A735E /* EmotionDiary */ = {
			isa = PBXGroup;
			children = (
				CBD1BC8C299BBB3000AD1A7C /* ViewModel */,
				CBD1BC89299BAD6900AD1A7C /* Model */,
				CB7893462991665B000A735E /* View */,
				CB7893432991662E000A735E /* Storyboard */,
				CB78932A299163BD000A735E /* AppDelegate.swift */,
				CB78932C299163BD000A735E /* SceneDelegate.swift */,
				CB789336299163BE000A735E /* Assets.xcassets */,
				CB789338299163BE000A735E /* LaunchScreen.storyboard */,
				CB78933B299163BE000A735E /* Info.plist */,
				CB789333299163BD000A735E /* EmotionDiary.xcdatamodeld */,
			);
			path = EmotionDiary;
			sourceTree = "<group>";
		};
		CB7893432991662E000A735E /* Storyboard */ = {
			isa = PBXGroup;
			children = (
				CB789341299164EE000A735E /* TabBar.storyboard */,
				CB78934D2991674D000A735E /* Stats.storyboard */,
				CB78934429916642000A735E /* Home.storyboard */,
				CB78934F29916754000A735E /* MyInfo.storyboard */,
			);
			path = Storyboard;
			sourceTree = "<group>";
		};
		CB7893462991665B000A735E /* View */ = {
			isa = PBXGroup;
			children = (
				CB78934729916662000A735E /* TabBar */,
				CB7893512991675A000A735E /* Stats */,
				CB78934829916665000A735E /* Home */,
				CB7893522991675F000A735E /* MyInfo */,
			);
			path = View;
			sourceTree = "<group>";
		};
		CB78934729916662000A735E /* TabBar */ = {
			isa = PBXGroup;
			children = (
				CB78934B29916696000A735E /* TabBarController.swift */,
				CB789355299517FD000A735E /* CodeTabBarController.swift */,
			);
			path = TabBar;
			sourceTree = "<group>";
		};
		CB78934829916665000A735E /* Home */ = {
			isa = PBXGroup;
			children = (
				CB78934929916679000A735E /* HomeVC.swift */,
				CB7893532995179F000A735E /* HomeViewController.swift */,
				CBD1BC87299A826300AD1A7C /* HomeCollectionViewCell.swift */,
			);
			path = Home;
			sourceTree = "<group>";
		};
		CB7893512991675A000A735E /* Stats */ = {
			isa = PBXGroup;
			children = (
				CB78935729952005000A735E /* StatsViewController.swift */,
				CB78935929952149000A735E /* StatsTableViewCell.swift */,
			);
			path = Stats;
			sourceTree = "<group>";
		};
		CB7893522991675F000A735E /* MyInfo */ = {
			isa = PBXGroup;
			children = (
				CB950EE4299620130083B419 /* MyInfoViewController.swift */,
			);
			path = MyInfo;
			sourceTree = "<group>";
		};
		CBD1BC89299BAD6900AD1A7C /* Model */ = {
			isa = PBXGroup;
			children = (
				CBD1BC8A299BAD7700AD1A7C /* Emotion.swift */,
			);
			path = Model;
			sourceTree = "<group>";
		};
		CBD1BC8C299BBB3000AD1A7C /* ViewModel */ = {
			isa = PBXGroup;
			children = (
				CBD1BC8D299BBB4D00AD1A7C /* HomeViewModel.swift */,
			);
			path = ViewModel;
			sourceTree = "<group>";
		};
		EED28E92AA158F6FF5FC5231 /* Frameworks */ = {
			isa = PBXGroup;
			children = (
				A02DFA0DA877149F04DAB037 /* Pods_EmotionDiary.framework */,
			);
			name = Frameworks;
			sourceTree = "<group>";
		};
/* End PBXGroup section */

/* Begin PBXNativeTarget section */
		CB789326299163BD000A735E /* EmotionDiary */ = {
			isa = PBXNativeTarget;
			buildConfigurationList = CB78933E299163BE000A735E /* Build configuration list for PBXNativeTarget "EmotionDiary" */;
			buildPhases = (
				A91EBF7DE45D5F93E5895301 /* [CP] Check Pods Manifest.lock */,
				CB789323299163BD000A735E /* Sources */,
				CB789324299163BD000A735E /* Frameworks */,
				CB789325299163BD000A735E /* Resources */,
				26F69819932B2CCF2218E1C3 /* [CP] Embed Pods Frameworks */,
			);
			buildRules = (
			);
			dependencies = (
			);
			name = EmotionDiary;
			productName = EmotionDiary;
			productReference = CB789327299163BD000A735E /* EmotionDiary.app */;
			productType = "com.apple.product-type.application";
		};
/* End PBXNativeTarget section */

/* Begin PBXProject section */
		CB78931F299163BD000A735E /* Project object */ = {
			isa = PBXProject;
			attributes = {
				BuildIndependentTargetsInParallel = 1;
				LastSwiftUpdateCheck = 1320;
				LastUpgradeCheck = 1320;
				TargetAttributes = {
					CB789326299163BD000A735E = {
						CreatedOnToolsVersion = 13.2.1;
					};
				};
			};
			buildConfigurationList = CB789322299163BD000A735E /* Build configuration list for PBXProject "EmotionDiary" */;
			compatibilityVersion = "Xcode 13.0";
			developmentRegion = en;
			hasScannedForEncodings = 0;
			knownRegions = (
				en,
				Base,
			);
			mainGroup = CB78931E299163BD000A735E;
			productRefGroup = CB789328299163BD000A735E /* Products */;
			projectDirPath = "";
			projectRoot = "";
			targets = (
				CB789326299163BD000A735E /* EmotionDiary */,
			);
		};
/* End PBXProject section */

/* Begin PBXResourcesBuildPhase section */
		CB789325299163BD000A735E /* Resources */ = {
			isa = PBXResourcesBuildPhase;
			buildActionMask = 2147483647;
			files = (
				CB789342299164EE000A735E /* TabBar.storyboard in Resources */,
				CB78933A299163BE000A735E /* LaunchScreen.storyboard in Resources */,
				CB78934E2991674D000A735E /* Stats.storyboard in Resources */,
				CB789337299163BE000A735E /* Assets.xcassets in Resources */,
				CB78935029916754000A735E /* MyInfo.storyboard in Resources */,
				CB78934529916642000A735E /* Home.storyboard in Resources */,
			);
			runOnlyForDeploymentPostprocessing = 0;
		};
/* End PBXResourcesBuildPhase section */

/* Begin PBXShellScriptBuildPhase section */
		26F69819932B2CCF2218E1C3 /* [CP] Embed Pods Frameworks */ = {
			isa = PBXShellScriptBuildPhase;
			buildActionMask = 2147483647;
			files = (
			);
			inputFileListPaths = (
				"${PODS_ROOT}/Target Support Files/Pods-EmotionDiary/Pods-EmotionDiary-frameworks-${CONFIGURATION}-input-files.xcfilelist",
			);
			name = "[CP] Embed Pods Frameworks";
			outputFileListPaths = (
				"${PODS_ROOT}/Target Support Files/Pods-EmotionDiary/Pods-EmotionDiary-frameworks-${CONFIGURATION}-output-files.xcfilelist",
			);
			runOnlyForDeploymentPostprocessing = 0;
			shellPath = /bin/sh;
			shellScript = "\"${PODS_ROOT}/Target Support Files/Pods-EmotionDiary/Pods-EmotionDiary-frameworks.sh\"\n";
			showEnvVarsInLog = 0;
		};
		A91EBF7DE45D5F93E5895301 /* [CP] Check Pods Manifest.lock */ = {
			isa = PBXShellScriptBuildPhase;
			buildActionMask = 2147483647;
			files = (
			);
			inputFileListPaths = (
			);
			inputPaths = (
				"${PODS_PODFILE_DIR_PATH}/Podfile.lock",
				"${PODS_ROOT}/Manifest.lock",
			);
			name = "[CP] Check Pods Manifest.lock";
			outputFileListPaths = (
			);
			outputPaths = (
				"$(DERIVED_FILE_DIR)/Pods-EmotionDiary-checkManifestLockResult.txt",
			);
			runOnlyForDeploymentPostprocessing = 0;
			shellPath = /bin/sh;
			shellScript = "diff \"${PODS_PODFILE_DIR_PATH}/Podfile.lock\" \"${PODS_ROOT}/Manifest.lock\" > /dev/null\nif [ $? != 0 ] ; then\n    # print error to STDERR\n    echo \"error: The sandbox is not in sync with the Podfile.lock. Run 'pod install' or update your CocoaPods installation.\" >&2\n    exit 1\nfi\n# This output is used by Xcode 'outputs' to avoid re-running this script phase.\necho \"SUCCESS\" > \"${SCRIPT_OUTPUT_FILE_0}\"\n";
			showEnvVarsInLog = 0;
		};
/* End PBXShellScriptBuildPhase section */

/* Begin PBXSourcesBuildPhase section */
		CB789323299163BD000A735E /* Sources */ = {
			isa = PBXSourcesBuildPhase;
			buildActionMask = 2147483647;
			files = (
				CB789335299163BD000A735E /* EmotionDiary.xcdatamodeld in Sources */,
				CB78934A29916679000A735E /* HomeVC.swift in Sources */,
				CB950EE5299620130083B419 /* MyInfoViewController.swift in Sources */,
				CB78935829952005000A735E /* StatsViewController.swift in Sources */,
				CB789356299517FD000A735E /* CodeTabBarController.swift in Sources */,
				CB78932B299163BD000A735E /* AppDelegate.swift in Sources */,
				CBD1BC88299A826300AD1A7C /* HomeCollectionViewCell.swift in Sources */,
				CB78934C29916696000A735E /* TabBarController.swift in Sources */,
				CBD1BC8E299BBB4D00AD1A7C /* HomeViewModel.swift in Sources */,
				CB78932D299163BD000A735E /* SceneDelegate.swift in Sources */,
				CB78935A29952149000A735E /* StatsTableViewCell.swift in Sources */,
				CB7893542995179F000A735E /* HomeViewController.swift in Sources */,
				CBD1BC8B299BAD7700AD1A7C /* Emotion.swift in Sources */,
			);
			runOnlyForDeploymentPostprocessing = 0;
		};
/* End PBXSourcesBuildPhase section */

/* Begin PBXVariantGroup section */
		CB789338299163BE000A735E /* LaunchScreen.storyboard */ = {
			isa = PBXVariantGroup;
			children = (
				CB789339299163BE000A735E /* Base */,
			);
			name = LaunchScreen.storyboard;
			sourceTree = "<group>";
		};
/* End PBXVariantGroup section */

/* Begin XCBuildConfiguration section */
		CB78933C299163BE000A735E /* Debug */ = {
			isa = XCBuildConfiguration;
			buildSettings = {
				ALWAYS_SEARCH_USER_PATHS = NO;
				CLANG_ANALYZER_NONNULL = YES;
				CLANG_ANALYZER_NUMBER_OBJECT_CONVERSION = YES_AGGRESSIVE;
				CLANG_CXX_LANGUAGE_STANDARD = "gnu++17";
				CLANG_CXX_LIBRARY = "libc++";
				CLANG_ENABLE_MODULES = YES;
				CLANG_ENABLE_OBJC_ARC = YES;
				CLANG_ENABLE_OBJC_WEAK = YES;
				CLANG_WARN_BLOCK_CAPTURE_AUTORELEASING = YES;
				CLANG_WARN_BOOL_CONVERSION = YES;
				CLANG_WARN_COMMA = YES;
				CLANG_WARN_CONSTANT_CONVERSION = YES;
				CLANG_WARN_DEPRECATED_OBJC_IMPLEMENTATIONS = YES;
				CLANG_WARN_DIRECT_OBJC_ISA_USAGE = YES_ERROR;
				CLANG_WARN_DOCUMENTATION_COMMENTS = YES;
				CLANG_WARN_EMPTY_BODY = YES;
				CLANG_WARN_ENUM_CONVERSION = YES;
				CLANG_WARN_INFINITE_RECURSION = YES;
				CLANG_WARN_INT_CONVERSION = YES;
				CLANG_WARN_NON_LITERAL_NULL_CONVERSION = YES;
				CLANG_WARN_OBJC_IMPLICIT_RETAIN_SELF = YES;
				CLANG_WARN_OBJC_LITERAL_CONVERSION = YES;
				CLANG_WARN_OBJC_ROOT_CLASS = YES_ERROR;
				CLANG_WARN_QUOTED_INCLUDE_IN_FRAMEWORK_HEADER = YES;
				CLANG_WARN_RANGE_LOOP_ANALYSIS = YES;
				CLANG_WARN_STRICT_PROTOTYPES = YES;
				CLANG_WARN_SUSPICIOUS_MOVE = YES;
				CLANG_WARN_UNGUARDED_AVAILABILITY = YES_AGGRESSIVE;
				CLANG_WARN_UNREACHABLE_CODE = YES;
				CLANG_WARN__DUPLICATE_METHOD_MATCH = YES;
				COPY_PHASE_STRIP = NO;
				DEBUG_INFORMATION_FORMAT = dwarf;
				ENABLE_STRICT_OBJC_MSGSEND = YES;
				ENABLE_TESTABILITY = YES;
				GCC_C_LANGUAGE_STANDARD = gnu11;
				GCC_DYNAMIC_NO_PIC = NO;
				GCC_NO_COMMON_BLOCKS = YES;
				GCC_OPTIMIZATION_LEVEL = 0;
				GCC_PREPROCESSOR_DEFINITIONS = (
					"DEBUG=1",
					"$(inherited)",
				);
				GCC_WARN_64_TO_32_BIT_CONVERSION = YES;
				GCC_WARN_ABOUT_RETURN_TYPE = YES_ERROR;
				GCC_WARN_UNDECLARED_SELECTOR = YES;
				GCC_WARN_UNINITIALIZED_AUTOS = YES_AGGRESSIVE;
				GCC_WARN_UNUSED_FUNCTION = YES;
				GCC_WARN_UNUSED_VARIABLE = YES;
				IPHONEOS_DEPLOYMENT_TARGET = 15.2;
				MTL_ENABLE_DEBUG_INFO = INCLUDE_SOURCE;
				MTL_FAST_MATH = YES;
				ONLY_ACTIVE_ARCH = YES;
				SDKROOT = iphoneos;
				SWIFT_ACTIVE_COMPILATION_CONDITIONS = DEBUG;
				SWIFT_OPTIMIZATION_LEVEL = "-Onone";
			};
			name = Debug;
		};
		CB78933D299163BE000A735E /* Release */ = {
			isa = XCBuildConfiguration;
			buildSettings = {
				ALWAYS_SEARCH_USER_PATHS = NO;
				CLANG_ANALYZER_NONNULL = YES;
				CLANG_ANALYZER_NUMBER_OBJECT_CONVERSION = YES_AGGRESSIVE;
				CLANG_CXX_LANGUAGE_STANDARD = "gnu++17";
				CLANG_CXX_LIBRARY = "libc++";
				CLANG_ENABLE_MODULES = YES;
				CLANG_ENABLE_OBJC_ARC = YES;
				CLANG_ENABLE_OBJC_WEAK = YES;
				CLANG_WARN_BLOCK_CAPTURE_AUTORELEASING = YES;
				CLANG_WARN_BOOL_CONVERSION = YES;
				CLANG_WARN_COMMA = YES;
				CLANG_WARN_CONSTANT_CONVERSION = YES;
				CLANG_WARN_DEPRECATED_OBJC_IMPLEMENTATIONS = YES;
				CLANG_WARN_DIRECT_OBJC_ISA_USAGE = YES_ERROR;
				CLANG_WARN_DOCUMENTATION_COMMENTS = YES;
				CLANG_WARN_EMPTY_BODY = YES;
				CLANG_WARN_ENUM_CONVERSION = YES;
				CLANG_WARN_INFINITE_RECURSION = YES;
				CLANG_WARN_INT_CONVERSION = YES;
				CLANG_WARN_NON_LITERAL_NULL_CONVERSION = YES;
				CLANG_WARN_OBJC_IMPLICIT_RETAIN_SELF = YES;
				CLANG_WARN_OBJC_LITERAL_CONVERSION = YES;
				CLANG_WARN_OBJC_ROOT_CLASS = YES_ERROR;
				CLANG_WARN_QUOTED_INCLUDE_IN_FRAMEWORK_HEADER = YES;
				CLANG_WARN_RANGE_LOOP_ANALYSIS = YES;
				CLANG_WARN_STRICT_PROTOTYPES = YES;
				CLANG_WARN_SUSPICIOUS_MOVE = YES;
				CLANG_WARN_UNGUARDED_AVAILABILITY = YES_AGGRESSIVE;
				CLANG_WARN_UNREACHABLE_CODE = YES;
				CLANG_WARN__DUPLICATE_METHOD_MATCH = YES;
				COPY_PHASE_STRIP = NO;
				DEBUG_INFORMATION_FORMAT = "dwarf-with-dsym";
				ENABLE_NS_ASSERTIONS = NO;
				ENABLE_STRICT_OBJC_MSGSEND = YES;
				GCC_C_LANGUAGE_STANDARD = gnu11;
				GCC_NO_COMMON_BLOCKS = YES;
				GCC_WARN_64_TO_32_BIT_CONVERSION = YES;
				GCC_WARN_ABOUT_RETURN_TYPE = YES_ERROR;
				GCC_WARN_UNDECLARED_SELECTOR = YES;
				GCC_WARN_UNINITIALIZED_AUTOS = YES_AGGRESSIVE;
				GCC_WARN_UNUSED_FUNCTION = YES;
				GCC_WARN_UNUSED_VARIABLE = YES;
				IPHONEOS_DEPLOYMENT_TARGET = 15.2;
				MTL_ENABLE_DEBUG_INFO = NO;
				MTL_FAST_MATH = YES;
				SDKROOT = iphoneos;
				SWIFT_COMPILATION_MODE = wholemodule;
				SWIFT_OPTIMIZATION_LEVEL = "-O";
				VALIDATE_PRODUCT = YES;
			};
			name = Release;
		};
		CB78933F299163BE000A735E /* Debug */ = {
			isa = XCBuildConfiguration;
			baseConfigurationReference = F422668208BC875931D822B1 /* Pods-EmotionDiary.debug.xcconfig */;
			buildSettings = {
				ASSETCATALOG_COMPILER_APPICON_NAME = AppIcon;
				ASSETCATALOG_COMPILER_GLOBAL_ACCENT_COLOR_NAME = AccentColor;
				CODE_SIGN_IDENTITY = "Apple Development";
				CODE_SIGN_STYLE = Automatic;
				CURRENT_PROJECT_VERSION = 1;
				DEVELOPMENT_TEAM = 4778CKJ7UW;
				FRAMEWORK_SEARCH_PATHS = (
					"$(inherited)",
					"\"${PODS_CONFIGURATION_BUILD_DIR}/SnapKit\"",
				);
				GENERATE_INFOPLIST_FILE = YES;
				INFOPLIST_FILE = EmotionDiary/Info.plist;
				INFOPLIST_KEY_UIApplicationSupportsIndirectInputEvents = YES;
				INFOPLIST_KEY_UILaunchStoryboardName = LaunchScreen;
				INFOPLIST_KEY_UISupportedInterfaceOrientations_iPad = "UIInterfaceOrientationPortrait UIInterfaceOrientationPortraitUpsideDown UIInterfaceOrientationLandscapeLeft UIInterfaceOrientationLandscapeRight";
				INFOPLIST_KEY_UISupportedInterfaceOrientations_iPhone = "UIInterfaceOrientationPortrait UIInterfaceOrientationLandscapeLeft UIInterfaceOrientationLandscapeRight";
				INFOPLIST_KEY_UIUserInterfaceStyle = Light;
				IPHONEOS_DEPLOYMENT_TARGET = 13.0;
				LD_RUNPATH_SEARCH_PATHS = (
					"$(inherited)",
					"@executable_path/Frameworks",
				);
				LIBRARY_SEARCH_PATHS = "";
				MARKETING_VERSION = 1.0;
				PRODUCT_BUNDLE_IDENTIFIER = com.haon.EmotionDiary;
				PRODUCT_NAME = "$(TARGET_NAME)";
				PROVISIONING_PROFILE_SPECIFIER = "";
				SWIFT_EMIT_LOC_STRINGS = YES;
				SWIFT_VERSION = 5.0;
				TARGETED_DEVICE_FAMILY = 1;
			};
			name = Debug;
		};
		CB789340299163BE000A735E /* Release */ = {
			isa = XCBuildConfiguration;
			baseConfigurationReference = 243CFE1544B865822C2BF65D /* Pods-EmotionDiary.release.xcconfig */;
			buildSettings = {
				ASSETCATALOG_COMPILER_APPICON_NAME = AppIcon;
				ASSETCATALOG_COMPILER_GLOBAL_ACCENT_COLOR_NAME = AccentColor;
				CODE_SIGN_IDENTITY = "Apple Development";
				CODE_SIGN_STYLE = Automatic;
				CURRENT_PROJECT_VERSION = 1;
				DEVELOPMENT_TEAM = 4778CKJ7UW;
				FRAMEWORK_SEARCH_PATHS = (
					"$(inherited)",
					"\"${PODS_CONFIGURATION_BUILD_DIR}/SnapKit\"",
				);
				GENERATE_INFOPLIST_FILE = YES;
				INFOPLIST_FILE = EmotionDiary/Info.plist;
				INFOPLIST_KEY_UIApplicationSupportsIndirectInputEvents = YES;
				INFOPLIST_KEY_UILaunchStoryboardName = LaunchScreen;
				INFOPLIST_KEY_UISupportedInterfaceOrientations_iPad = "UIInterfaceOrientationPortrait UIInterfaceOrientationPortraitUpsideDown UIInterfaceOrientationLandscapeLeft UIInterfaceOrientationLandscapeRight";
				INFOPLIST_KEY_UISupportedInterfaceOrientations_iPhone = "UIInterfaceOrientationPortrait UIInterfaceOrientationLandscapeLeft UIInterfaceOrientationLandscapeRight";
				INFOPLIST_KEY_UIUserInterfaceStyle = Light;
				IPHONEOS_DEPLOYMENT_TARGET = 13.0;
				LD_RUNPATH_SEARCH_PATHS = (
					"$(inherited)",
					"@executable_path/Frameworks",
				);
				LIBRARY_SEARCH_PATHS = "";
				MARKETING_VERSION = 1.0;
				PRODUCT_BUNDLE_IDENTIFIER = com.haon.EmotionDiary;
				PRODUCT_NAME = "$(TARGET_NAME)";
				PROVISIONING_PROFILE_SPECIFIER = "";
				SWIFT_EMIT_LOC_STRINGS = YES;
				SWIFT_VERSION = 5.0;
				TARGETED_DEVICE_FAMILY = 1;
			};
			name = Release;
		};
/* End XCBuildConfiguration section */

/* Begin XCConfigurationList section */
		CB789322299163BD000A735E /* Build configuration list for PBXProject "EmotionDiary" */ = {
			isa = XCConfigurationList;
			buildConfigurations = (
				CB78933C299163BE000A735E /* Debug */,
				CB78933D299163BE000A735E /* Release */,
			);
			defaultConfigurationIsVisible = 0;
			defaultConfigurationName = Release;
		};
		CB78933E299163BE000A735E /* Build configuration list for PBXNativeTarget "EmotionDiary" */ = {
			isa = XCConfigurationList;
			buildConfigurations = (
				CB78933F299163BE000A735E /* Debug */,
				CB789340299163BE000A735E /* Release */,
			);
			defaultConfigurationIsVisible = 0;
			defaultConfigurationName = Release;
		};
/* End XCConfigurationList section */

/* Begin XCVersionGroup section */
		CB789333299163BD000A735E /* EmotionDiary.xcdatamodeld */ = {
			isa = XCVersionGroup;
			children = (
				CB789334299163BD000A735E /* EmotionDiary.xcdatamodel */,
			);
			currentVersion = CB789334299163BD000A735E /* EmotionDiary.xcdatamodel */;
			path = EmotionDiary.xcdatamodeld;
			sourceTree = "<group>";
			versionGroupType = wrapper.xcdatamodel;
		};
/* End XCVersionGroup section */
	};
	rootObject = CB78931F299163BD000A735E /* Project object */;
}
